
Microsoft Visual Studio Solution File, Format Version 12.00
# Visual Studio 14
VisualStudioVersion = 14.0.23107.0
MinimumVisualStudioVersion = 10.0.40219.1
Project("{FAE04EC0-301F-11D3-BF4B-00C04F79EFBC}") = "01_Consola", "01_Consola\01_Consola.csproj", "{CE3960A7-DD6F-4AA4-85AA-AD7E3B888329}"
EndProject
Global
	GlobalSection(SolutionConfigurationPlatforms) = preSolution
		Debug|Any CPU = Debug|Any CPU
		Release|Any CPU = Release|Any CPU
	EndGlobalSection
	GlobalSection(ProjectConfigurationPlatforms) = postSolution
		{CE3960A7-DD6F-4AA4-85AA-AD7E3B888329}.Debug|Any CPU.ActiveCfg = Debug|Any CPU
		{CE3960A7-DD6F-4AA4-85AA-AD7E3B888329}.Debug|Any CPU.Build.0 = Debug|Any CPU
		{CE3960A7-DD6F-4AA4-85AA-AD7E3B888329}.Release|Any CPU.ActiveCfg = Release|Any CPU
		{CE3960A7-DD6F-4AA4-85AA-AD7E3B888329}.Release|Any CPU.Build.0 = Release|Any CPU
	EndGlobalSection
	GlobalSection(SolutionProperties) = preSolution
		HideSolutionNode = FALSE
	EndGlobalSection
EndGlobal
