
Microsoft Visual Studio Solution File, Format Version 12.00
# Visual Studio 14
VisualStudioVersion = 14.0.24720.0
MinimumVisualStudioVersion = 10.0.40219.1
Project("{54435603-DBB4-11D2-8724-00A0C9A8B90C}") = "BooksCollection", "BooksCollection\BooksCollection.vdproj", "{C0F890B6-28DD-4BB0-914E-3EF024E0FD39}"
EndProject
Project("{FAE04EC0-301F-11D3-BF4B-00C04F79EFBC}") = "CS_Ejercicio04_Coleccion", "CS_Ejercicio04_ColeccionInstalador\CS_Ejercicio04_Coleccion\CS_Ejercicio04_Coleccion\CS_Ejercicio04_Coleccion.csproj", "{3569AC41-7090-440E-9C21-6DF08D7DF0CC}"
EndProject
Global
	GlobalSection(SolutionConfigurationPlatforms) = preSolution
		Debug|Any CPU = Debug|Any CPU
		Release|Any CPU = Release|Any CPU
	EndGlobalSection
	GlobalSection(ProjectConfigurationPlatforms) = postSolution
		{C0F890B6-28DD-4BB0-914E-3EF024E0FD39}.Debug|Any CPU.ActiveCfg = Debug
		{C0F890B6-28DD-4BB0-914E-3EF024E0FD39}.Debug|Any CPU.Build.0 = Debug
		{C0F890B6-28DD-4BB0-914E-3EF024E0FD39}.Release|Any CPU.ActiveCfg = Release
		{C0F890B6-28DD-4BB0-914E-3EF024E0FD39}.Release|Any CPU.Build.0 = Release
		{3569AC41-7090-440E-9C21-6DF08D7DF0CC}.Debug|Any CPU.ActiveCfg = Debug|Any CPU
		{3569AC41-7090-440E-9C21-6DF08D7DF0CC}.Debug|Any CPU.Build.0 = Debug|Any CPU
		{3569AC41-7090-440E-9C21-6DF08D7DF0CC}.Release|Any CPU.ActiveCfg = Release|Any CPU
		{3569AC41-7090-440E-9C21-6DF08D7DF0CC}.Release|Any CPU.Build.0 = Release|Any CPU
	EndGlobalSection
	GlobalSection(SolutionProperties) = preSolution
		HideSolutionNode = FALSE
	EndGlobalSection
EndGlobal
